Microsoft Visual Studio Solution File, Format Version 12.00
# Visual Studio Version 17
VisualStudioVersion = 17.5.2.0
MinimumVisualStudioVersion = 10.0.40219.1
Project("{FAE04EC0-301F-11D3-BF4B-00C04F79EFBC}") = "Planning", "Planning.csproj", "{EAAEFE43-1947-692A-7E47-E63DE6579029}"
EndProject
Global
	GlobalSection(SolutionConfigurationPlatforms) = preSolution
		Debug|Any CPU = Debug|Any CPU
		Release|Any CPU = Release|Any CPU
	EndGlobalSection
	GlobalSection(ProjectConfigurationPlatforms) = postSolution
		{EAAEFE43-1947-692A-7E47-E63DE6579029}.Debug|Any CPU.ActiveCfg = Debug|Any CPU
		{EAAEFE43-1947-692A-7E47-E63DE6579029}.Debug|Any CPU.Build.0 = Debug|Any CPU
		{EAAEFE43-1947-692A-7E47-E63DE6579029}.Release|Any CPU.ActiveCfg = Release|Any CPU
		{EAAEFE43-1947-692A-7E47-E63DE6579029}.Release|Any CPU.Build.0 = Release|Any CPU
	EndGlobalSection
	GlobalSection(SolutionProperties) = preSolution
		HideSolutionNode = FALSE
	EndGlobalSection
	GlobalSection(ExtensibilityGlobals) = postSolution
		SolutionGuid = {019FC3DE-2A0C-432F-9C23-703ADC879E12}
	EndGlobalSection
EndGlobal
